// !$*UTF8*$!
{
	archiveVersion = 1;
	classes = {
	};
	objectVersion = 55;
	objects = {

/* Begin PBXBuildFile section */
		26778CBA297A9FF8008002A7 /* WebViewController.swift in Sources */ = {isa = PBXBuildFile; fileRef = 26778CB9297A9FF8008002A7 /* WebViewController.swift */; };
		26778CBC297AAA4D008002A7 /* MapaLinaresViewController.swift in Sources */ = {isa = PBXBuildFile; fileRef = 26778CBB297AAA4D008002A7 /* MapaLinaresViewController.swift */; };
		26778CBE297AB058008002A7 /* Artwork.swift in Sources */ = {isa = PBXBuildFile; fileRef = 26778CBD297AB058008002A7 /* Artwork.swift */; };
		26BCE5A4297AB474001856BD /* MapaTurismoViewController.swift in Sources */ = {isa = PBXBuildFile; fileRef = 26BCE5A3297AB474001856BD /* MapaTurismoViewController.swift */; };
		26C1D58029794CEB00918D14 /* AppDelegate.swift in Sources */ = {isa = PBXBuildFile; fileRef = 26C1D57F29794CEB00918D14 /* AppDelegate.swift */; };
		26C1D58229794CEB00918D14 /* SceneDelegate.swift in Sources */ = {isa = PBXBuildFile; fileRef = 26C1D58129794CEB00918D14 /* SceneDelegate.swift */; };
		26C1D58429794CEB00918D14 /* ViewController.swift in Sources */ = {isa = PBXBuildFile; fileRef = 26C1D58329794CEB00918D14 /* ViewController.swift */; };
		26C1D58729794CEB00918D14 /* Main.storyboard in Resources */ = {isa = PBXBuildFile; fileRef = 26C1D58529794CEB00918D14 /* Main.storyboard */; };
		26C1D58929794CEC00918D14 /* Assets.xcassets in Resources */ = {isa = PBXBuildFile; fileRef = 26C1D58829794CEC00918D14 /* Assets.xcassets */; };
		26C1D58C29794CEC00918D14 /* LaunchScreen.storyboard in Resources */ = {isa = PBXBuildFile; fileRef = 26C1D58A29794CEC00918D14 /* LaunchScreen.storyboard */; };
		66E1B58D3723454D3C055AFB /* Pods_ProyectoSideMenuMapas.framework in Frameworks */ = {isa = PBXBuildFile; fileRef = 30A995F19A617D77BFDDBB55 /* Pods_ProyectoSideMenuMapas.framework */; };
/* End PBXBuildFile section */

/* Begin PBXFileReference section */
		2268FF2BB5F19433E7458EA1 /* Pods-ProyectoSideMenuMapas.debug.xcconfig */ = {isa = PBXFileReference; includeInIndex = 1; lastKnownFileType = text.xcconfig; name = "Pods-ProyectoSideMenuMapas.debug.xcconfig"; path = "Target Support Files/Pods-ProyectoSideMenuMapas/Pods-ProyectoSideMenuMapas.debug.xcconfig"; sourceTree = "<group>"; };
		26778CB9297A9FF8008002A7 /* WebViewController.swift */ = {isa = PBXFileReference; lastKnownFileType = sourcecode.swift; path = WebViewController.swift; sourceTree = "<group>"; };
		26778CBB297AAA4D008002A7 /* MapaLinaresViewController.swift */ = {isa = PBXFileReference; lastKnownFileType = sourcecode.swift; path = MapaLinaresViewController.swift; sourceTree = "<group>"; };
		26778CBD297AB058008002A7 /* Artwork.swift */ = {isa = PBXFileReference; lastKnownFileType = sourcecode.swift; path = Artwork.swift; sourceTree = "<group>"; };
		26BCE5A3297AB474001856BD /* MapaTurismoViewController.swift */ = {isa = PBXFileReference; lastKnownFileType = sourcecode.swift; path = MapaTurismoViewController.swift; sourceTree = "<group>"; };
		26C1D57C29794CEB00918D14 /* ProyectoSideMenuMapas.app */ = {isa = PBXFileReference; explicitFileType = wrapper.application; includeInIndex = 0; path = ProyectoSideMenuMapas.app; sourceTree = BUILT_PRODUCTS_DIR; };
		26C1D57F29794CEB00918D14 /* AppDelegate.swift */ = {isa = PBXFileReference; lastKnownFileType = sourcecode.swift; path = AppDelegate.swift; sourceTree = "<group>"; };
		26C1D58129794CEB00918D14 /* SceneDelegate.swift */ = {isa = PBXFileReference; lastKnownFileType = sourcecode.swift; path = SceneDelegate.swift; sourceTree = "<group>"; };
		26C1D58329794CEB00918D14 /* ViewController.swift */ = {isa = PBXFileReference; lastKnownFileType = sourcecode.swift; path = ViewController.swift; sourceTree = "<group>"; };
		26C1D58629794CEB00918D14 /* Base */ = {isa = PBXFileReference; lastKnownFileType = file.storyboard; name = Base; path = Base.lproj/Main.storyboard; sourceTree = "<group>"; };
		26C1D58829794CEC00918D14 /* Assets.xcassets */ = {isa = PBXFileReference; lastKnownFileType = folder.assetcatalog; path = Assets.xcassets; sourceTree = "<group>"; };
		26C1D58B29794CEC00918D14 /* Base */ = {isa = PBXFileReference; lastKnownFileType = file.storyboard; name = Base; path = Base.lproj/LaunchScreen.storyboard; sourceTree = "<group>"; };
		26C1D58D29794CEC00918D14 /* Info.plist */ = {isa = PBXFileReference; lastKnownFileType = text.plist.xml; path = Info.plist; sourceTree = "<group>"; };
		30A995F19A617D77BFDDBB55 /* Pods_ProyectoSideMenuMapas.framework */ = {isa = PBXFileReference; explicitFileType = wrapper.framework; includeInIndex = 0; path = Pods_ProyectoSideMenuMapas.framework; sourceTree = BUILT_PRODUCTS_DIR; };
		509F0E467BA2F05554814222 /* Pods-ProyectoSideMenuMapas.release.xcconfig */ = {isa = PBXFileReference; includeInIndex = 1; lastKnownFileType = text.xcconfig; name = "Pods-ProyectoSideMenuMapas.release.xcconfig"; path = "Target Support Files/Pods-ProyectoSideMenuMapas/Pods-ProyectoSideMenuMapas.release.xcconfig"; sourceTree = "<group>"; };
/* End PBXFileReference section */

/* Begin PBXFrameworksBuildPhase section */
		26C1D57929794CEB00918D14 /* Frameworks */ = {
			isa = PBXFrameworksBuildPhase;
			buildActionMask = 2147483647;
			files = (
				66E1B58D3723454D3C055AFB /* Pods_ProyectoSideMenuMapas.framework in Frameworks */,
			);
			runOnlyForDeploymentPostprocessing = 0;
		};
/* End PBXFrameworksBuildPhase section */

/* Begin PBXGroup section */
		198FD6FF5869A2CF7092043E /* Pods */ = {
			isa = PBXGroup;
			children = (
				2268FF2BB5F19433E7458EA1 /* Pods-ProyectoSideMenuMapas.debug.xcconfig */,
				509F0E467BA2F05554814222 /* Pods-ProyectoSideMenuMapas.release.xcconfig */,
			);
			path = Pods;
			sourceTree = "<group>";
		};
		26C1D57329794CEB00918D14 = {
			isa = PBXGroup;
			children = (
				26C1D57E29794CEB00918D14 /* ProyectoSideMenuMapas */,
				26C1D57D29794CEB00918D14 /* Products */,
				198FD6FF5869A2CF7092043E /* Pods */,
				973B6D7602C39EDA00821E74 /* Frameworks */,
			);
			sourceTree = "<group>";
		};
		26C1D57D29794CEB00918D14 /* Products */ = {
			isa = PBXGroup;
			children = (
				26C1D57C29794CEB00918D14 /* ProyectoSideMenuMapas.app */,
			);
			name = Products;
			sourceTree = "<group>";
		};
		26C1D57E29794CEB00918D14 /* ProyectoSideMenuMapas */ = {
			isa = PBXGroup;
			children = (
				26C1D57F29794CEB00918D14 /* AppDelegate.swift */,
				26C1D58129794CEB00918D14 /* SceneDelegate.swift */,
				26C1D58329794CEB00918D14 /* ViewController.swift */,
				26778CBD297AB058008002A7 /* Artwork.swift */,
				26778CB9297A9FF8008002A7 /* WebViewController.swift */,
				26BCE5A3297AB474001856BD /* MapaTurismoViewController.swift */,
				26778CBB297AAA4D008002A7 /* MapaLinaresViewController.swift */,
				26C1D58529794CEB00918D14 /* Main.storyboard */,
				26C1D58829794CEC00918D14 /* Assets.xcassets */,
				26C1D58A29794CEC00918D14 /* LaunchScreen.storyboard */,
				26C1D58D29794CEC00918D14 /* Info.plist */,
			);
			path = ProyectoSideMenuMapas;
			sourceTree = "<group>";
		};
		973B6D7602C39EDA00821E74 /* Frameworks */ = {
			isa = PBXGroup;
			children = (
				30A995F19A617D77BFDDBB55 /* Pods_ProyectoSideMenuMapas.framework */,
			);
			name = Frameworks;
			sourceTree = "<group>";
		};
/* End PBXGroup section */

/* Begin PBXNativeTarget section */
		26C1D57B29794CEB00918D14 /* ProyectoSideMenuMapas */ = {
			isa = PBXNativeTarget;
			buildConfigurationList = 26C1D59029794CEC00918D14 /* Build configuration list for PBXNativeTarget "ProyectoSideMenuMapas" */;
			buildPhases = (
				3C94DD127DCBE486BB1A61CD /* [CP] Check Pods Manifest.lock */,
				26C1D57829794CEB00918D14 /* Sources */,
				26C1D57929794CEB00918D14 /* Frameworks */,
				26C1D57A29794CEB00918D14 /* Resources */,
				2DAFC50751B53F02DACCD5B3 /* [CP] Embed Pods Frameworks */,
			);
			buildRules = (
			);
			dependencies = (
			);
			name = ProyectoSideMenuMapas;
			productName = ProyectoSideMenuMapas;
			productReference = 26C1D57C29794CEB00918D14 /* ProyectoSideMenuMapas.app */;
			productType = "com.apple.product-type.application";
		};
/* End PBXNativeTarget section */

/* Begin PBXProject section */
		26C1D57429794CEB00918D14 /* Project object */ = {
			isa = PBXProject;
			attributes = {
				BuildIndependentTargetsInParallel = 1;
				LastSwiftUpdateCheck = 1340;
				LastUpgradeCheck = 1340;
				TargetAttributes = {
					26C1D57B29794CEB00918D14 = {
						CreatedOnToolsVersion = 13.4.1;
					};
				};
			};
			buildConfigurationList = 26C1D57729794CEB00918D14 /* Build configuration list for PBXProject "ProyectoSideMenuMapas" */;
			compatibilityVersion = "Xcode 13.0";
			developmentRegion = en;
			hasScannedForEncodings = 0;
			knownRegions = (
				en,
				Base,
			);
			mainGroup = 26C1D57329794CEB00918D14;
			productRefGroup = 26C1D57D29794CEB00918D14 /* Products */;
			projectDirPath = "";
			projectRoot = "";
			targets = (
				26C1D57B29794CEB00918D14 /* ProyectoSideMenuMapas */,
			);
		};
/* End PBXProject section */

/* Begin PBXResourcesBuildPhase section */
		26C1D57A29794CEB00918D14 /* Resources */ = {
			isa = PBXResourcesBuildPhase;
			buildActionMask = 2147483647;
			files = (
				26C1D58C29794CEC00918D14 /* LaunchScreen.storyboard in Resources */,
				26C1D58929794CEC00918D14 /* Assets.xcassets in Resources */,
				26C1D58729794CEB00918D14 /* Main.storyboard in Resources */,
			);
			runOnlyForDeploymentPostprocessing = 0;
		};
/* End PBXResourcesBuildPhase section */

/* Begin PBXShellScriptBuildPhase section */
		2DAFC50751B53F02DACCD5B3 /* [CP] Embed Pods Frameworks */ = {
			isa = PBXShellScriptBuildPhase;
			buildActionMask = 2147483647;
			files = (
			);
			inputFileListPaths = (
				"${PODS_ROOT}/Target Support Files/Pods-ProyectoSideMenuMapas/Pods-ProyectoSideMenuMapas-frameworks-${CONFIGURATION}-input-files.xcfilelist",
			);
			name = "[CP] Embed Pods Frameworks";
			outputFileListPaths = (
				"${PODS_ROOT}/Target Support Files/Pods-ProyectoSideMenuMapas/Pods-ProyectoSideMenuMapas-frameworks-${CONFIGURATION}-output-files.xcfilelist",
			);
			runOnlyForDeploymentPostprocessing = 0;
			shellPath = /bin/sh;
			shellScript = "\"${PODS_ROOT}/Target Support Files/Pods-ProyectoSideMenuMapas/Pods-ProyectoSideMenuMapas-frameworks.sh\"\n";
			showEnvVarsInLog = 0;
		};
		3C94DD127DCBE486BB1A61CD /* [CP] Check Pods Manifest.lock */ = {
			isa = PBXShellScriptBuildPhase;
			buildActionMask = 2147483647;
			files = (
			);
			inputFileListPaths = (
			);
			inputPaths = (
				"${PODS_PODFILE_DIR_PATH}/Podfile.lock",
				"${PODS_ROOT}/Manifest.lock",
			);
			name = "[CP] Check Pods Manifest.lock";
			outputFileListPaths = (
			);
			outputPaths = (
				"$(DERIVED_FILE_DIR)/Pods-ProyectoSideMenuMapas-checkManifestLockResult.txt",
			);
			runOnlyForDeploymentPostprocessing = 0;
			shellPath = /bin/sh;
			shellScript = "diff \"${PODS_PODFILE_DIR_PATH}/Podfile.lock\" \"${PODS_ROOT}/Manifest.lock\" > /dev/null\nif [ $? != 0 ] ; then\n    # print error to STDERR\n    echo \"error: The sandbox is not in sync with the Podfile.lock. Run 'pod install' or update your CocoaPods installation.\" >&2\n    exit 1\nfi\n# This output is used by Xcode 'outputs' to avoid re-running this script phase.\necho \"SUCCESS\" > \"${SCRIPT_OUTPUT_FILE_0}\"\n";
			showEnvVarsInLog = 0;
		};
/* End PBXShellScriptBuildPhase section */

/* Begin PBXSourcesBuildPhase section */
		26C1D57829794CEB00918D14 /* Sources */ = {
			isa = PBXSourcesBuildPhase;
			buildActionMask = 2147483647;
			files = (
				26C1D58429794CEB00918D14 /* ViewController.swift in Sources */,
				26C1D58029794CEB00918D14 /* AppDelegate.swift in Sources */,
				26BCE5A4297AB474001856BD /* MapaTurismoViewController.swift in Sources */,
				26778CBC297AAA4D008002A7 /* MapaLinaresViewController.swift in Sources */,
				26C1D58229794CEB00918D14 /* SceneDelegate.swift in Sources */,
				26778CBE297AB058008002A7 /* Artwork.swift in Sources */,
				26778CBA297A9FF8008002A7 /* WebViewController.swift in Sources */,
			);
			runOnlyForDeploymentPostprocessing = 0;
		};
/* End PBXSourcesBuildPhase section */

/* Begin PBXVariantGroup section */
		26C1D58529794CEB00918D14 /* Main.storyboard */ = {
			isa = PBXVariantGroup;
			children = (
				26C1D58629794CEB00918D14 /* Base */,
			);
			name = Main.storyboard;
			sourceTree = "<group>";
		};
		26C1D58A29794CEC00918D14 /* LaunchScreen.storyboard */ = {
			isa = PBXVariantGroup;
			children = (
				26C1D58B29794CEC00918D14 /* Base */,
			);
			name = LaunchScreen.storyboard;
			sourceTree = "<group>";
		};
/* End PBXVariantGroup section */

/* Begin XCBuildConfiguration section */
		26C1D58E29794CEC00918D14 /* Debug */ = {
			isa = XCBuildConfiguration;
			buildSettings = {
				ALWAYS_SEARCH_USER_PATHS = NO;
				CLANG_ANALYZER_NONNULL = YES;
				CLANG_ANALYZER_NUMBER_OBJECT_CONVERSION = YES_AGGRESSIVE;
				CLANG_CXX_LANGUAGE_STANDARD = "gnu++17";
				CLANG_ENABLE_MODULES = YES;
				CLANG_ENABLE_OBJC_ARC = YES;
				CLANG_ENABLE_OBJC_WEAK = YES;
				CLANG_WARN_BLOCK_CAPTURE_AUTORELEASING = YES;
				CLANG_WARN_BOOL_CONVERSION = YES;
				CLANG_WARN_COMMA = YES;
				CLANG_WARN_CONSTANT_CONVERSION = YES;
				CLANG_WARN_DEPRECATED_OBJC_IMPLEMENTATIONS = YES;
				CLANG_WARN_DIRECT_OBJC_ISA_USAGE = YES_ERROR;
				CLANG_WARN_DOCUMENTATION_COMMENTS = YES;
				CLANG_WARN_EMPTY_BODY = YES;
				CLANG_WARN_ENUM_CONVERSION = YES;
				CLANG_WARN_INFINITE_RECURSION = YES;
				CLANG_WARN_INT_CONVERSION = YES;
				CLANG_WARN_NON_LITERAL_NULL_CONVERSION = YES;
				CLANG_WARN_OBJC_IMPLICIT_RETAIN_SELF = YES;
				CLANG_WARN_OBJC_LITERAL_CONVERSION = YES;
				CLANG_WARN_OBJC_ROOT_CLASS = YES_ERROR;
				CLANG_WARN_QUOTED_INCLUDE_IN_FRAMEWORK_HEADER = YES;
				CLANG_WARN_RANGE_LOOP_ANALYSIS = YES;
				CLANG_WARN_STRICT_PROTOTYPES = YES;
				CLANG_WARN_SUSPICIOUS_MOVE = YES;
				CLANG_WARN_UNGUARDED_AVAILABILITY = YES_AGGRESSIVE;
				CLANG_WARN_UNREACHABLE_CODE = YES;
				CLANG_WARN__DUPLICATE_METHOD_MATCH = YES;
				COPY_PHASE_STRIP = NO;
				DEBUG_INFORMATION_FORMAT = dwarf;
				ENABLE_STRICT_OBJC_MSGSEND = YES;
				ENABLE_TESTABILITY = YES;
				GCC_C_LANGUAGE_STANDARD = gnu11;
				GCC_DYNAMIC_NO_PIC = NO;
				GCC_NO_COMMON_BLOCKS = YES;
				GCC_OPTIMIZATION_LEVEL = 0;
				GCC_PREPROCESSOR_DEFINITIONS = (
					"DEBUG=1",
					"$(inherited)",
				);
				GCC_WARN_64_TO_32_BIT_CONVERSION = YES;
				GCC_WARN_ABOUT_RETURN_TYPE = YES_ERROR;
				GCC_WARN_UNDECLARED_SELECTOR = YES;
				GCC_WARN_UNINITIALIZED_AUTOS = YES_AGGRESSIVE;
				GCC_WARN_UNUSED_FUNCTION = YES;
				GCC_WARN_UNUSED_VARIABLE = YES;
				IPHONEOS_DEPLOYMENT_TARGET = 15.5;
				MTL_ENABLE_DEBUG_INFO = INCLUDE_SOURCE;
				MTL_FAST_MATH = YES;
				ONLY_ACTIVE_ARCH = YES;
				SDKROOT = iphoneos;
				SWIFT_ACTIVE_COMPILATION_CONDITIONS = DEBUG;
				SWIFT_OPTIMIZATION_LEVEL = "-Onone";
			};
			name = Debug;
		};
		26C1D58F29794CEC00918D14 /* Release */ = {
			isa = XCBuildConfiguration;
			buildSettings = {
				ALWAYS_SEARCH_USER_PATHS = NO;
				CLANG_ANALYZER_NONNULL = YES;
				CLANG_ANALYZER_NUMBER_OBJECT_CONVERSION = YES_AGGRESSIVE;
				CLANG_CXX_LANGUAGE_STANDARD = "gnu++17";
				CLANG_ENABLE_MODULES = YES;
				CLANG_ENABLE_OBJC_ARC = YES;
				CLANG_ENABLE_OBJC_WEAK = YES;
				CLANG_WARN_BLOCK_CAPTURE_AUTORELEASING = YES;
				CLANG_WARN_BOOL_CONVERSION = YES;
				CLANG_WARN_COMMA = YES;
				CLANG_WARN_CONSTANT_CONVERSION = YES;
				CLANG_WARN_DEPRECATED_OBJC_IMPLEMENTATIONS = YES;
				CLANG_WARN_DIRECT_OBJC_ISA_USAGE = YES_ERROR;
				CLANG_WARN_DOCUMENTATION_COMMENTS = YES;
				CLANG_WARN_EMPTY_BODY = YES;
				CLANG_WARN_ENUM_CONVERSION = YES;
				CLANG_WARN_INFINITE_RECURSION = YES;
				CLANG_WARN_INT_CONVERSION = YES;
				CLANG_WARN_NON_LITERAL_NULL_CONVERSION = YES;
				CLANG_WARN_OBJC_IMPLICIT_RETAIN_SELF = YES;
				CLANG_WARN_OBJC_LITERAL_CONVERSION = YES;
				CLANG_WARN_OBJC_ROOT_CLASS = YES_ERROR;
				CLANG_WARN_QUOTED_INCLUDE_IN_FRAMEWORK_HEADER = YES;
				CLANG_WARN_RANGE_LOOP_ANALYSIS = YES;
				CLANG_WARN_STRICT_PROTOTYPES = YES;
				CLANG_WARN_SUSPICIOUS_MOVE = YES;
				CLANG_WARN_UNGUARDED_AVAILABILITY = YES_AGGRESSIVE;
				CLANG_WARN_UNREACHABLE_CODE = YES;
				CLANG_WARN__DUPLICATE_METHOD_MATCH = YES;
				COPY_PHASE_STRIP = NO;
				DEBUG_INFORMATION_FORMAT = "dwarf-with-dsym";
				ENABLE_NS_ASSERTIONS = NO;
				ENABLE_STRICT_OBJC_MSGSEND = YES;
				GCC_C_LANGUAGE_STANDARD = gnu11;
				GCC_NO_COMMON_BLOCKS = YES;
				GCC_WARN_64_TO_32_BIT_CONVERSION = YES;
				GCC_WARN_ABOUT_RETURN_TYPE = YES_ERROR;
				GCC_WARN_UNDECLARED_SELECTOR = YES;
				GCC_WARN_UNINITIALIZED_AUTOS = YES_AGGRESSIVE;
				GCC_WARN_UNUSED_FUNCTION = YES;
				GCC_WARN_UNUSED_VARIABLE = YES;
				IPHONEOS_DEPLOYMENT_TARGET = 15.5;
				MTL_ENABLE_DEBUG_INFO = NO;
				MTL_FAST_MATH = YES;
				SDKROOT = iphoneos;
				SWIFT_COMPILATION_MODE = wholemodule;
				SWIFT_OPTIMIZATION_LEVEL = "-O";
				VALIDATE_PRODUCT = YES;
			};
			name = Release;
		};
		26C1D59129794CEC00918D14 /* Debug */ = {
			isa = XCBuildConfiguration;
			baseConfigurationReference = 2268FF2BB5F19433E7458EA1 /* Pods-ProyectoSideMenuMapas.debug.xcconfig */;
			buildSettings = {
				ASSETCATALOG_COMPILER_APPICON_NAME = AppIcon;
				ASSETCATALOG_COMPILER_GLOBAL_ACCENT_COLOR_NAME = AccentColor;
				CODE_SIGN_STYLE = Automatic;
				CURRENT_PROJECT_VERSION = 1;
				GENERATE_INFOPLIST_FILE = YES;
				INFOPLIST_FILE = ProyectoSideMenuMapas/Info.plist;
				INFOPLIST_KEY_UIApplicationSupportsIndirectInputEvents = YES;
				INFOPLIST_KEY_UILaunchStoryboardName = LaunchScreen;
				INFOPLIST_KEY_UIMainStoryboardFile = Main;
				INFOPLIST_KEY_UISupportedInterfaceOrientations_iPad = "UIInterfaceOrientationPortrait UIInterfaceOrientationPortraitUpsideDown UIInterfaceOrientationLandscapeLeft UIInterfaceOrientationLandscapeRight";
				INFOPLIST_KEY_UISupportedInterfaceOrientations_iPhone = "UIInterfaceOrientationPortrait UIInterfaceOrientationLandscapeLeft UIInterfaceOrientationLandscapeRight";
				LD_RUNPATH_SEARCH_PATHS = (
					"$(inherited)",
					"@executable_path/Frameworks",
				);
				MARKETING_VERSION = 1.0;
				PRODUCT_BUNDLE_IDENTIFIER = esTech.ProyectoSideMenuMapas;
				PRODUCT_NAME = "$(TARGET_NAME)";
				SWIFT_EMIT_LOC_STRINGS = YES;
				SWIFT_VERSION = 5.0;
				TARGETED_DEVICE_FAMILY = "1,2";
			};
			name = Debug;
		};
		26C1D59229794CEC00918D14 /* Release */ = {
			isa = XCBuildConfiguration;
			baseConfigurationReference = 509F0E467BA2F05554814222 /* Pods-ProyectoSideMenuMapas.release.xcconfig */;
			buildSettings = {
				ASSETCATALOG_COMPILER_APPICON_NAME = AppIcon;
				ASSETCATALOG_COMPILER_GLOBAL_ACCENT_COLOR_NAME = AccentColor;
				CODE_SIGN_STYLE = Automatic;
				CURRENT_PROJECT_VERSION = 1;
				GENERATE_INFOPLIST_FILE = YES;
				INFOPLIST_FILE = ProyectoSideMenuMapas/Info.plist;
				INFOPLIST_KEY_UIApplicationSupportsIndirectInputEvents = YES;
				INFOPLIST_KEY_UILaunchStoryboardName = LaunchScreen;
				INFOPLIST_KEY_UIMainStoryboardFile = Main;
				INFOPLIST_KEY_UISupportedInterfaceOrientations_iPad = "UIInterfaceOrientationPortrait UIInterfaceOrientationPortraitUpsideDown UIInterfaceOrientationLandscapeLeft UIInterfaceOrientationLandscapeRight";
				INFOPLIST_KEY_UISupportedInterfaceOrientations_iPhone = "UIInterfaceOrientationPortrait UIInterfaceOrientationLandscapeLeft UIInterfaceOrientationLandscapeRight";
				LD_RUNPATH_SEARCH_PATHS = (
					"$(inherited)",
					"@executable_path/Frameworks",
				);
				MARKETING_VERSION = 1.0;
				PRODUCT_BUNDLE_IDENTIFIER = esTech.ProyectoSideMenuMapas;
				PRODUCT_NAME = "$(TARGET_NAME)";
				SWIFT_EMIT_LOC_STRINGS = YES;
				SWIFT_VERSION = 5.0;
				TARGETED_DEVICE_FAMILY = "1,2";
			};
			name = Release;
		};
/* End XCBuildConfiguration section */

/* Begin XCConfigurationList section */
		26C1D57729794CEB00918D14 /* Build configuration list for PBXProject "ProyectoSideMenuMapas" */ = {
			isa = XCConfigurationList;
			buildConfigurations = (
				26C1D58E29794CEC00918D14 /* Debug */,
				26C1D58F29794CEC00918D14 /* Release */,
			);
			defaultConfigurationIsVisible = 0;
			defaultConfigurationName = Release;
		};
		26C1D59029794CEC00918D14 /* Build configuration list for PBXNativeTarget "ProyectoSideMenuMapas" */ = {
			isa = XCConfigurationList;
			buildConfigurations = (
				26C1D59129794CEC00918D14 /* Debug */,
				26C1D59229794CEC00918D14 /* Release */,
			);
			defaultConfigurationIsVisible = 0;
			defaultConfigurationName = Release;
		};
/* End XCConfigurationList section */
	};
	rootObject = 26C1D57429794CEB00918D14 /* Project object */;
}
